<?xml version="1.0" encoding="utf-8"?>
<Project ToolsVersion="4.0" xmlns="http://schemas.microsoft.com/developer/msbuild/2003">
  <ItemGroup>
    <Filter Include="Source Files">
      <UniqueIdentifier>{04211fdb-69e9-490a-9542-0aabc8914122}</UniqueIdentifier>
      <Extensions>cpp;c;cxx;rc;def;r;odl;idl;hpj;bat</Extensions>
    </Filter>
    <Filter Include="Header Files">
      <UniqueIdentifier>{470885de-f902-4bd9-9995-b0cd0b27d714}</UniqueIdentifier>
      <Extensions>h;hpp;hxx;hm;inl</Extensions>
    </Filter>
    <Filter Include="Resource Files">
      <UniqueIdentifier>{038fc5e1-ee69-41fd-9294-915ed780b99f}</UniqueIdentifier>
      <Extensions>ico;cur;bmp;dlg;rc2;rct;bin;rgs;gif;jpg;jpeg;jpe</Extensions>
    </Filter>
  </ItemGroup>
  <ItemGroup>
    <ClCompile Include="NickDLL.cpp">
      <Filter>Source Files</Filter>
    </ClCompile>
    <ClCompile Include="Config.cpp">
      <Filter>Source Files</Filter>
    </ClCompile>
    <ClCompile Include="tiny-json.c">
      <Filter>Source Files</Filter>
    </ClCompile>
    <ClCompile Include="Generic\inject_9cf_rename.cpp">
      <Filter>Source Files</Filter>
    </ClCompile>
    <ClCompile Include="UEFA\England\eng_conf.cpp">
      <Filter>Source Files</Filter>
    </ClCompile>
    <ClCompile Include="UEFA\England\eng_fa_cup.cpp">
      <Filter>Source Files</Filter>
    </ClCompile>
    <ClCompile Include="UEFA\England\eng_setup.cpp">
      <Filter>Source Files</Filter>
    </ClCompile>
    <ClCompile Include="UEFA\England\eng_league_2.cpp">
      <Filter>Source Files</Filter>
    </ClCompile>
    <ClCompile Include="Helpers\generic_functions.cpp">
      <Filter>Source Files</Filter>
    </ClCompile>
    <ClCompile Include="Helpers\Helper.cpp">
      <Filter>Source Files</Filter>
    </ClCompile>
    <ClCompile Include="Structures\CMHeader.cpp">
      <Filter>Source Files</Filter>
    </ClCompile>
    <ClCompile Include="UEFA\England\eng_premier.cpp">
      <Filter>Source Files</Filter>
    </ClCompile>
    <ClCompile Include="UEFA\England\eng_conf_n.cpp">
      <Filter>Source Files</Filter>
    </ClCompile>
    <ClCompile Include="UEFA\England\eng_conf_s.cpp">
      <Filter>Source Files</Filter>
    </ClCompile>
    <ClCompile Include="UEFA\England\eng_fa_trophy.cpp">
      <Filter>Source Files</Filter>
    </ClCompile>
    <ClCompile Include="UEFA\England\eng_champ.cpp">
      <Filter>Source Files</Filter>
    </ClCompile>
    <ClCompile Include="UEFA\Italy\ita_setup.cpp">
      <Filter>Source Files</Filter>
    </ClCompile>
    <ClCompile Include="UEFA\England\eng_awards.cpp">
      <Filter>Source Files</Filter>
    </ClCompile>
    <ClCompile Include="UEFA\Italy\ita_awards.cpp">
      <Filter>Source Files</Filter>
    </ClCompile>
    <ClCompile Include="UEFA\Italy\ita_ser_c.cpp">
      <Filter>Source Files</Filter>
    </ClCompile>
    <ClCompile Include="UEFA\Italy\ita_cup.cpp">
      <Filter>Source Files</Filter>
    </ClCompile>
    <ClCompile Include="UEFA\Italy\ita_c_cup.cpp">
      <Filter>Source Files</Filter>
    </ClCompile>
    <ClCompile Include="UEFA\Italy\ita_ser_a.cpp">
      <Filter>Source Files</Filter>
    </ClCompile>
    <ClCompile Include="UEFA\Italy\ita_ser_b.cpp">
      <Filter>Source Files</Filter>
    </ClCompile>
    <ClCompile Include="UEFA\Italy\ita_c_supercup.cpp">
      <Filter>Source Files</Filter>
    </ClCompile>
    <ClCompile Include="UEFA\Croatia\cro_setup.cpp">
      <Filter>Source Files</Filter>
    </ClCompile>
    <ClCompile Include="UEFA\Croatia\cro_first.cpp">
      <Filter>Source Files</Filter>
    </ClCompile>
    <ClCompile Include="UEFA\Croatia\cro_second.cpp">
      <Filter>Source Files</Filter>
    </ClCompile>
    <ClCompile Include="UEFA\Croatia\cro_third.cpp">
      <Filter>Source Files</Filter>
    </ClCompile>
    <ClCompile Include="UEFA\Croatia\cro_awards.cpp">
      <Filter>Source Files</Filter>
    </ClCompile>
    <ClCompile Include="UEFA\Croatia\cro_cup.cpp">
      <Filter>Source Files</Filter>
    </ClCompile>
    <ClCompile Include="UEFA\Croatia\cro_super.cpp">
      <Filter>Source Files</Filter>
    </ClCompile>
    <ClCompile Include="UEFA\Germany\ger_setup.cpp">
      <Filter>Source Files</Filter>
    </ClCompile>
    <ClCompile Include="UEFA\Germany\ger_first.cpp">
      <Filter>Source Files</Filter>
    </ClCompile>
    <ClCompile Include="UEFA\Germany\ger_second.cpp">
      <Filter>Source Files</Filter>
    </ClCompile>
    <ClCompile Include="UEFA\Germany\ger_third.cpp">
      <Filter>Source Files</Filter>
    </ClCompile>
    <ClCompile Include="Helpers\9cf_constants.cpp">
      <Filter>Source Files</Filter>
    </ClCompile>
    <ClCompile Include="UEFA\Germany\ger_regional.cpp">
      <Filter>Source Files</Filter>
    </ClCompile>
    <ClCompile Include="UEFA\Germany\ger_cup.cpp">
      <Filter>Source Files</Filter>
    </ClCompile>
    <ClCompile Include="UEFA\Germany\ger_super.cpp">
      <Filter>Source Files</Filter>
    </ClCompile>
    <ClCompile Include="UEFA\Germany\ger_awards.cpp">
      <Filter>Source Files</Filter>
    </ClCompile>
    <ClCompile Include="UEFA\Portugal\por_setup.cpp">
      <Filter>Source Files</Filter>
    </ClCompile>
    <ClCompile Include="UEFA\Portugal\por_first.cpp">
      <Filter>Source Files</Filter>
    </ClCompile>
    <ClCompile Include="UEFA\Portugal\por_second.cpp">
      <Filter>Source Files</Filter>
    </ClCompile>
    <ClCompile Include="UEFA\Portugal\por_third.cpp">
      <Filter>Source Files</Filter>
    </ClCompile>
    <ClCompile Include="UEFA\Portugal\por_fourth.cpp">
      <Filter>Source Files</Filter>
    </ClCompile>
    <ClCompile Include="UEFA\Portugal\por_cup.cpp">
      <Filter>Source Files</Filter>
    </ClCompile>
    <ClCompile Include="UEFA\Portugal\por_league_cup.cpp">
      <Filter>Source Files</Filter>
    </ClCompile>
    <ClCompile Include="UEFA\Portugal\por_super.cpp">
      <Filter>Source Files</Filter>
    </ClCompile>
    <ClCompile Include="UEFA\Portugal\por_awards.cpp">
      <Filter>Source Files</Filter>
    </ClCompile>
    <ClCompile Include="UEFA\Italy\ita_super.cpp">
      <Filter>Source Files</Filter>
    </ClCompile>
    <ClCompile Include="Generic\setup_misc_functions.cpp">
      <Filter>Source Files</Filter>
    </ClCompile>
    <ClCompile Include="CONMEBOL\Brazil\bra_setup.cpp">
      <Filter>Source Files</Filter>
    </ClCompile>
    <ClCompile Include="CONMEBOL\Brazil\bra_first.cpp">
      <Filter>Source Files</Filter>
    </ClCompile>
    <ClCompile Include="CONMEBOL\Brazil\bra_second.cpp">
      <Filter>Source Files</Filter>
    </ClCompile>
    <ClCompile Include="CONMEBOL\Brazil\bra_third.cpp">
      <Filter>Source Files</Filter>
    </ClCompile>
    <ClCompile Include="CONMEBOL\Brazil\bra_fourth.cpp">
      <Filter>Source Files</Filter>
    </ClCompile>
    <ClCompile Include="CONMEBOL\Brazil\bra_reg_bahia.cpp">
      <Filter>Source Files</Filter>
    </ClCompile>
    <ClCompile Include="CONMEBOL\Brazil\bra_reg_goias.cpp">
      <Filter>Source Files</Filter>
    </ClCompile>
    <ClCompile Include="CONMEBOL\Brazil\bra_reg_parana.cpp">
      <Filter>Source Files</Filter>
    </ClCompile>
    <ClCompile Include="CONMEBOL\Brazil\bra_reg_pernambuco.cpp">
      <Filter>Source Files</Filter>
    </ClCompile>
    <ClCompile Include="CONMEBOL\Brazil\bra_reg_catarina.cpp">
      <Filter>Source Files</Filter>
    </ClCompile>
    <ClCompile Include="CONMEBOL\Brazil\bra_reg_rio.cpp">
      <Filter>Source Files</Filter>
    </ClCompile>
    <ClCompile Include="CONMEBOL\Brazil\bra_reg_paulo.cpp">
      <Filter>Source Files</Filter>
    </ClCompile>
    <ClCompile Include="CONMEBOL\Brazil\bra_reg_central.cpp">
      <Filter>Source Files</Filter>
    </ClCompile>
    <ClCompile Include="CONMEBOL\Brazil\bra_reg_north.cpp">
      <Filter>Source Files</Filter>
    </ClCompile>
    <ClCompile Include="CONMEBOL\Brazil\bra_reg_northeast.cpp">
      <Filter>Source Files</Filter>
    </ClCompile>
    <ClCompile Include="CONMEBOL\Brazil\bra_reg_gaucho.cpp">
      <Filter>Source Files</Filter>
    </ClCompile>
    <ClCompile Include="CONMEBOL\Brazil\bra_reg_minas.cpp">
      <Filter>Source Files</Filter>
    </ClCompile>
    <ClCompile Include="CONMEBOL\Brazil\bra_cup.cpp">
      <Filter>Source Files</Filter>
    </ClCompile>
    <ClCompile Include="CONMEBOL\Brazil\bra_super.cpp">
      <Filter>Source Files</Filter>
    </ClCompile>
    <ClCompile Include="CONMEBOL\Brazil\bra_awards.cpp">
      <Filter>Source Files</Filter>
    </ClCompile>
    <ClCompile Include="CONCACAF\USA\usa_setup.cpp">
      <Filter>Source Files</Filter>
    </ClCompile>
    <ClCompile Include="CONCACAF\USA\usa_mls.cpp">
      <Filter>Source Files</Filter>
    </ClCompile>
    <ClCompile Include="CONCACAF\USA\usa_champ.cpp">
      <Filter>Source Files</Filter>
    </ClCompile>
    <ClCompile Include="CONCACAF\USA\usa_cup.cpp">
      <Filter>Source Files</Filter>
    </ClCompile>
    <ClCompile Include="CONCACAF\USA\usa_awards.cpp">
      <Filter>Source Files</Filter>
    </ClCompile>
    <ClCompile Include="UEFA\Poland\pol_setup.cpp">
      <Filter>Source Files</Filter>
    </ClCompile>
    <ClCompile Include="UEFA\Poland\pol_first.cpp">
      <Filter>Source Files</Filter>
    </ClCompile>
    <ClCompile Include="UEFA\Poland\pol_second.cpp">
      <Filter>Source Files</Filter>
    </ClCompile>
    <ClCompile Include="UEFA\Poland\pol_cup.cpp">
      <Filter>Source Files</Filter>
    </ClCompile>
    <ClCompile Include="UEFA\Poland\pol_super.cpp">
      <Filter>Source Files</Filter>
    </ClCompile>
    <ClCompile Include="UEFA\France\fra_setup.cpp">
      <Filter>Source Files</Filter>
    </ClCompile>
    <ClCompile Include="UEFA\France\fra_first.cpp">
      <Filter>Source Files</Filter>
    </ClCompile>
    <ClCompile Include="UEFA\France\fra_second.cpp">
      <Filter>Source Files</Filter>
    </ClCompile>
    <ClCompile Include="UEFA\France\fra_third.cpp">
      <Filter>Source Files</Filter>
    </ClCompile>
    <ClCompile Include="UEFA\France\fra_cup.cpp">
      <Filter>Source Files</Filter>
    </ClCompile>
    <ClCompile Include="UEFA\France\fra_super.cpp">
      <Filter>Source Files</Filter>
    </ClCompile>
    <ClCompile Include="UEFA\Denmark\den_setup.cpp">
      <Filter>Source Files</Filter>
    </ClCompile>
    <ClCompile Include="UEFA\Denmark\den_premier.cpp">
      <Filter>Source Files</Filter>
    </ClCompile>
    <ClCompile Include="UEFA\Denmark\den_first.cpp">
      <Filter>Source Files</Filter>
    </ClCompile>
    <ClCompile Include="UEFA\Denmark\den_second.cpp">
      <Filter>Source Files</Filter>
    </ClCompile>
    <ClCompile Include="UEFA\Denmark\den_third.cpp">
      <Filter>Source Files</Filter>
    </ClCompile>
    <ClCompile Include="UEFA\Denmark\den_cup.cpp">
      <Filter>Source Files</Filter>
    </ClCompile>
    <ClCompile Include="UEFA\Denmark\den_awards.cpp">
      <Filter>Source Files</Filter>
    </ClCompile>
    <ClCompile Include="AFC\Japan\jpn_setup.cpp">
      <Filter>Source Files</Filter>
    </ClCompile>
    <ClCompile Include="AFC\Japan\jpn_first.cpp">
      <Filter>Source Files</Filter>
    </ClCompile>
    <ClCompile Include="AFC\Japan\jpn_second.cpp">
      <Filter>Source Files</Filter>
    </ClCompile>
    <ClCompile Include="AFC\Japan\jpn_third.cpp">
      <Filter>Source Files</Filter>
    </ClCompile>
    <ClCompile Include="AFC\Japan\jpn_jfl.cpp">
      <Filter>Source Files</Filter>
    </ClCompile>
    <ClCompile Include="AFC\Japan\jpn_cup.cpp">
      <Filter>Source Files</Filter>
    </ClCompile>
    <ClCompile Include="AFC\Japan\jpn_league_cup.cpp">
      <Filter>Source Files</Filter>
    </ClCompile>
    <ClCompile Include="AFC\Japan\jpn_super.cpp">
      <Filter>Source Files</Filter>
    </ClCompile>
    <ClCompile Include="UEFA\Sweden\swe_setup.cpp">
      <Filter>Source Files</Filter>
    </ClCompile>
    <ClCompile Include="UEFA\Sweden\swe_premier.cpp">
      <Filter>Source Files</Filter>
    </ClCompile>
    <ClCompile Include="UEFA\Sweden\swe_first.cpp">
      <Filter>Source Files</Filter>
    </ClCompile>
    <ClCompile Include="UEFA\Sweden\swe_second.cpp">
      <Filter>Source Files</Filter>
    </ClCompile>
    <ClCompile Include="UEFA\Sweden\swe_third.cpp">
      <Filter>Source Files</Filter>
    </ClCompile>
    <ClCompile Include="UEFA\Sweden\swe_cup.cpp">
      <Filter>Source Files</Filter>
    </ClCompile>
    <ClCompile Include="UEFA\Holland\hol_setup.cpp">
      <Filter>Source Files</Filter>
    </ClCompile>
    <ClCompile Include="UEFA\Holland\hol_first.cpp">
      <Filter>Source Files</Filter>
    </ClCompile>
    <ClCompile Include="UEFA\Holland\hol_second.cpp">
      <Filter>Source Files</Filter>
    </ClCompile>
    <ClCompile Include="UEFA\Holland\hol_cup.cpp">
      <Filter>Source Files</Filter>
    </ClCompile>
    <ClCompile Include="UEFA\Holland\hol_super.cpp">
      <Filter>Source Files</Filter>
    </ClCompile>
    <ClCompile Include="UEFA\Norway\nor_setup.cpp">
      <Filter>Source Files</Filter>
    </ClCompile>
    <ClCompile Include="UEFA\Norway\nor_premier.cpp">
      <Filter>Source Files</Filter>
    </ClCompile>
    <ClCompile Include="UEFA\Norway\nor_first.cpp">
      <Filter>Source Files</Filter>
    </ClCompile>
    <ClCompile Include="UEFA\Norway\nor_second.cpp">
      <Filter>Source Files</Filter>
    </ClCompile>
    <ClCompile Include="UEFA\Norway\nor_third.cpp">
      <Filter>Source Files</Filter>
    </ClCompile>
    <ClCompile Include="UEFA\Norway\nor_cup.cpp">
      <Filter>Source Files</Filter>
    </ClCompile>
    <ClCompile Include="AFC\South Korea\kor_setup.cpp">
      <Filter>Source Files</Filter>
    </ClCompile>
    <ClCompile Include="AFC\South Korea\kor_first.cpp">
      <Filter>Source Files</Filter>
    </ClCompile>
    <ClCompile Include="AFC\South Korea\kor_second.cpp">
      <Filter>Source Files</Filter>
    </ClCompile>
    <ClCompile Include="AFC\South Korea\kor_cup.cpp">
      <Filter>Source Files</Filter>
    </ClCompile>
    <ClCompile Include="AFC\South Korea\kor_super.cpp">
      <Filter>Source Files</Filter>
    </ClCompile>
    <ClCompile Include="AFC\South Korea\kor_awards.cpp">
      <Filter>Source Files</Filter>
    </ClCompile>
    <ClCompile Include="UEFA\Finland\fin_setup.cpp">
      <Filter>Source Files</Filter>
    </ClCompile>
    <ClCompile Include="UEFA\Finland\fin_premier.cpp">
      <Filter>Source Files</Filter>
    </ClCompile>
    <ClCompile Include="UEFA\Finland\fin_first.cpp">
      <Filter>Source Files</Filter>
    </ClCompile>
    <ClCompile Include="UEFA\Finland\fin_second.cpp">
      <Filter>Source Files</Filter>
    </ClCompile>
    <ClCompile Include="UEFA\Finland\fin_third.cpp">
      <Filter>Source Files</Filter>
    </ClCompile>
    <ClCompile Include="UEFA\Finland\fin_cup.cpp">
      <Filter>Source Files</Filter>
    </ClCompile>
    <ClCompile Include="UEFA\Finland\fin_awards.cpp">
      <Filter>Source Files</Filter>
    </ClCompile>
    <ClCompile Include="UEFA\Greece\gre_setup.cpp">
      <Filter>Source Files</Filter>
    </ClCompile>
    <ClCompile Include="UEFA\Greece\gre_first.cpp">
      <Filter>Source Files</Filter>
    </ClCompile>
    <ClCompile Include="UEFA\Greece\gre_second.cpp">
      <Filter>Source Files</Filter>
    </ClCompile>
    <ClCompile Include="UEFA\Greece\gre_cup.cpp">
      <Filter>Source Files</Filter>
    </ClCompile>
    <ClCompile Include="UEFA\Greece\gre_super.cpp">
      <Filter>Source Files</Filter>
    </ClCompile>
    <ClCompile Include="UEFA\Poland\pol_third.cpp">
      <Filter>Source Files</Filter>
    </ClCompile>
    <ClCompile Include="UEFA\Norway\nor_awards.cpp">
      <Filter>Source Files</Filter>
    </ClCompile>
    <ClCompile Include="UEFA\Poland\pol_awards.cpp">
      <Filter>Source Files</Filter>
    </ClCompile>
    <ClCompile Include="UEFA\Holland\hol_awards.cpp">
      <Filter>Source Files</Filter>
    </ClCompile>
    <ClCompile Include="Generic\leagues_setup.cpp">
      <Filter>Source Files</Filter>
    </ClCompile>
    <ClCompile Include="UEFA\uefa_club_setup.cpp">
      <Filter>Source Files</Filter>
    </ClCompile>
    <ClCompile Include="UEFA\uefa_champions_league.cpp">
      <Filter>Source Files</Filter>
    </ClCompile>
    <ClCompile Include="UEFA\uefa_europa_league.cpp">
      <Filter>Source Files</Filter>
    </ClCompile>
    <ClCompile Include="UEFA\uefa_conference_league.cpp">
      <Filter>Source Files</Filter>
    </ClCompile>
    <ClCompile Include="CONMEBOL\conmebol_libertadores.cpp">
      <Filter>Source Files</Filter>
    </ClCompile>
    <ClCompile Include="CONMEBOL\conmebol_club_setup.cpp">
      <Filter>Source Files</Filter>
    </ClCompile>
    <ClCompile Include="CONMEBOL\conmebol_sudamericana.cpp">
      <Filter>Source Files</Filter>
    </ClCompile>
    <ClCompile Include="AFC\afc_club_setup.cpp">
      <Filter>Source Files</Filter>
    </ClCompile>
    <ClCompile Include="AFC\afc_champions_league_elite.cpp">
      <Filter>Source Files</Filter>
    </ClCompile>
    <ClCompile Include="CAF\caf_club_setup.cpp">
      <Filter>Source Files</Filter>
    </ClCompile>
    <ClCompile Include="AFC\afc_champions_league_2.cpp">
      <Filter>Source Files</Filter>
    </ClCompile>
    <ClCompile Include="AFC\afc_challenge_league.cpp">
      <Filter>Source Files</Filter>
    </ClCompile>
    <ClCompile Include="CAF\caf_champions_league.cpp">
      <Filter>Source Files</Filter>
    </ClCompile>
    <ClCompile Include="CAF\caf_confederation_cup.cpp">
      <Filter>Source Files</Filter>
    </ClCompile>
    <ClCompile Include="CAF\caf_super_cup.cpp">
      <Filter>Source Files</Filter>
    </ClCompile>
    <ClCompile Include="CONMEBOL\conmebol_recopa.cpp">
      <Filter>Source Files</Filter>
    </ClCompile>
    <ClCompile Include="UEFA\uefa_super_cup.cpp">
      <Filter>Source Files</Filter>
    </ClCompile>
    <ClCompile Include="CONCACAF\concacaf_club_setup.cpp">
      <Filter>Source Files</Filter>
    </ClCompile>
    <ClCompile Include="CONCACAF\concacaf_champions_cup.cpp">
      <Filter>Source Files</Filter>
    </ClCompile>
    <ClCompile Include="OFC\ofc_club_setup.cpp">
      <Filter>Source Files</Filter>
    </ClCompile>
    <ClCompile Include="OFC\ofc_champions_league.cpp">
      <Filter>Source Files</Filter>
    </ClCompile>
    <ClCompile Include="FIFA\fifa_club_setup.cpp">
      <Filter>Source Files</Filter>
    </ClCompile>
    <ClCompile Include="FIFA\fifa_club_world_cup.cpp">
      <Filter>Source Files</Filter>
    </ClCompile>
    <ClCompile Include="FIFA\fifa_intercontinental_cup.cpp">
      <Filter>Source Files</Filter>
    </ClCompile>
    <ClCompile Include="UEFA\England\eng_league_1.cpp">
      <Filter>Source Files</Filter>
    </ClCompile>
    <ClCompile Include="UEFA\England\eng_league_cup.cpp">
      <Filter>Source Files</Filter>
    </ClCompile>
    <ClCompile Include="UEFA\England\eng_league_trophy.cpp">
      <Filter>Source Files</Filter>
    </ClCompile>
    <ClCompile Include="AFC\Australia\aus_setup.cpp">
      <Filter>Source Files</Filter>
    </ClCompile>
    <ClCompile Include="AFC\Australia\aus_league.cpp">
      <Filter>Source Files</Filter>
    </ClCompile>
    <ClCompile Include="AFC\Australia\aus_cup.cpp">
      <Filter>Source Files</Filter>
    </ClCompile>
    <ClCompile Include="Generic\currency.cpp">
      <Filter>Source Files</Filter>
    </ClCompile>
    <ClCompile Include="UEFA\Wales\wal_setup.cpp">
      <Filter>Source Files</Filter>
    </ClCompile>
    <ClCompile Include="UEFA\Wales\wal_premier.cpp">
      <Filter>Source Files</Filter>
    </ClCompile>
    <ClCompile Include="UEFA\Wales\wal_first_n.cpp">
      <Filter>Source Files</Filter>
    </ClCompile>
    <ClCompile Include="UEFA\Wales\wal_first_s.cpp">
      <Filter>Source Files</Filter>
    </ClCompile>
    <ClCompile Include="UEFA\Wales\wal_cup.cpp">
      <Filter>Source Files</Filter>
    </ClCompile>
    <ClCompile Include="UEFA\Wales\wal_league_cup.cpp">
      <Filter>Source Files</Filter>
    </ClCompile>
    <ClCompile Include="UEFA\Northern Ireland\nir_setup.cpp">
      <Filter>Source Files</Filter>
    </ClCompile>
    <ClCompile Include="UEFA\Northern Ireland\nir_premier.cpp">
      <Filter>Source Files</Filter>
    </ClCompile>
    <ClCompile Include="UEFA\Northern Ireland\nir_first.cpp">
      <Filter>Source Files</Filter>
    </ClCompile>
    <ClCompile Include="UEFA\Northern Ireland\nir_second.cpp">
      <Filter>Source Files</Filter>
    </ClCompile>
    <ClCompile Include="UEFA\Northern Ireland\nir_cup.cpp">
      <Filter>Source Files</Filter>
    </ClCompile>
    <ClCompile Include="UEFA\Northern Ireland\nir_league_cup.cpp">
      <Filter>Source Files</Filter>
    </ClCompile>
    <ClCompile Include="UEFA\Northern Ireland\nir_charity.cpp">
      <Filter>Source Files</Filter>
    </ClCompile>
    <ClCompile Include="UEFA\Ireland\irl_setup.cpp">
      <Filter>Source Files</Filter>
    </ClCompile>
    <ClCompile Include="UEFA\Ireland\irl_premier.cpp">
      <Filter>Source Files</Filter>
    </ClCompile>
    <ClCompile Include="UEFA\Ireland\irl_first.cpp">
      <Filter>Source Files</Filter>
    </ClCompile>
    <ClCompile Include="UEFA\Ireland\irl_cup.cpp">
      <Filter>Source Files</Filter>
    </ClCompile>
    <ClCompile Include="UEFA\Ireland\irl_presidents.cpp">
      <Filter>Source Files</Filter>
    </ClCompile>
    <ClCompile Include="UEFA\Ireland\irl_awards.cpp">
      <Filter>Source Files</Filter>
    </ClCompile>
    <ClCompile Include="UEFA\Scotland\sco_setup.cpp">
      <Filter>Source Files</Filter>
    </ClCompile>
    <ClCompile Include="UEFA\Scotland\sco_premier.cpp">
      <Filter>Source Files</Filter>
    </ClCompile>
    <ClCompile Include="UEFA\Scotland\sco_champ.cpp">
      <Filter>Source Files</Filter>
    </ClCompile>
    <ClCompile Include="UEFA\Scotland\sco_league_1.cpp">
      <Filter>Source Files</Filter>
    </ClCompile>
    <ClCompile Include="UEFA\Scotland\sco_league_2.cpp">
      <Filter>Source Files</Filter>
    </ClCompile>
    <ClCompile Include="UEFA\Scotland\sco_cup.cpp">
      <Filter>Source Files</Filter>
    </ClCompile>
    <ClCompile Include="UEFA\Scotland\sco_highland.cpp">
      <Filter>Source Files</Filter>
    </ClCompile>
    <ClCompile Include="UEFA\Scotland\sco_lowland.cpp">
      <Filter>Source Files</Filter>
    </ClCompile>
    <ClCompile Include="UEFA\Scotland\sco_league_cup.cpp">
      <Filter>Source Files</Filter>
    </ClCompile>
    <ClCompile Include="UEFA\Scotland\sco_challenge_cup.cpp">
      <Filter>Source Files</Filter>
    </ClCompile>
    <ClCompile Include="Helpers\constants.cpp">
      <Filter>Source Files</Filter>
    </ClCompile>
    <ClCompile Include="UEFA\Spain\spa_setup.cpp">
      <Filter>Source Files</Filter>
    </ClCompile>
    <ClCompile Include="UEFA\Spain\spa_first.cpp">
      <Filter>Source Files</Filter>
    </ClCompile>
    <ClCompile Include="UEFA\Spain\spa_second.cpp">
      <Filter>Source Files</Filter>
    </ClCompile>
    <ClCompile Include="UEFA\Spain\spa_third.cpp">
      <Filter>Source Files</Filter>
    </ClCompile>
    <ClCompile Include="UEFA\Spain\spa_fourth.cpp">
      <Filter>Source Files</Filter>
    </ClCompile>
    <ClCompile Include="UEFA\Spain\spa_cup.cpp">
      <Filter>Source Files</Filter>
    </ClCompile>
    <ClCompile Include="UEFA\Spain\spa_super.cpp">
      <Filter>Source Files</Filter>
    </ClCompile>
    <ClCompile Include="UEFA\Turkey\tur_setup.cpp">
      <Filter>Source Files</Filter>
    </ClCompile>
    <ClCompile Include="UEFA\Turkey\tur_first.cpp">
      <Filter>Source Files</Filter>
    </ClCompile>
    <ClCompile Include="UEFA\Turkey\tur_second.cpp">
      <Filter>Source Files</Filter>
    </ClCompile>
    <ClCompile Include="UEFA\Turkey\tur_third.cpp">
      <Filter>Source Files</Filter>
    </ClCompile>
    <ClCompile Include="UEFA\Turkey\tur_fourth.cpp">
      <Filter>Source Files</Filter>
    </ClCompile>
    <ClCompile Include="UEFA\Turkey\tur_cup.cpp">
      <Filter>Source Files</Filter>
    </ClCompile>
    <ClCompile Include="UEFA\Turkey\tur_super.cpp">
      <Filter>Source Files</Filter>
    </ClCompile>
    <ClCompile Include="CONMEBOL\Argentina\arg_setup.cpp">
      <Filter>Source Files</Filter>
    </ClCompile>
    <ClCompile Include="CONMEBOL\Argentina\arg_first.cpp">
      <Filter>Source Files</Filter>
    </ClCompile>
    <ClCompile Include="CONMEBOL\Argentina\arg_second.cpp">
      <Filter>Source Files</Filter>
    </ClCompile>
    <ClCompile Include="CONMEBOL\Argentina\arg_cup.cpp">
      <Filter>Source Files</Filter>
    </ClCompile>
    <ClCompile Include="UEFA\Belgium\bel_setup.cpp">
      <Filter>Source Files</Filter>
    </ClCompile>
    <ClCompile Include="UEFA\Belgium\bel_first.cpp">
      <Filter>Source Files</Filter>
    </ClCompile>
    <ClCompile Include="UEFA\Belgium\bel_second.cpp">
      <Filter>Source Files</Filter>
    </ClCompile>
    <ClCompile Include="UEFA\Belgium\bel_third_vv.cpp">
      <Filter>Source Files</Filter>
    </ClCompile>
    <ClCompile Include="UEFA\Belgium\bel_third_ac.cpp">
      <Filter>Source Files</Filter>
    </ClCompile>
    <ClCompile Include="UEFA\Belgium\bel_fourth_vv.cpp">
      <Filter>Source Files</Filter>
    </ClCompile>
    <ClCompile Include="UEFA\Belgium\bel_fourth_ac.cpp">
      <Filter>Source Files</Filter>
    </ClCompile>
    <ClCompile Include="UEFA\Belgium\bel_cup.cpp">
      <Filter>Source Files</Filter>
    </ClCompile>
    <ClCompile Include="UEFA\Belgium\bel_super.cpp">
      <Filter>Source Files</Filter>
    </ClCompile>
    <ClCompile Include="UEFA\Belgium\bel_awards.cpp">
      <Filter>Source Files</Filter>
    </ClCompile>
    <ClCompile Include="CONMEBOL\Argentina\arg_third_metro.cpp">
      <Filter>Source Files</Filter>
    </ClCompile>
    <ClCompile Include="CONMEBOL\Argentina\arg_third_interior.cpp">
      <Filter>Source Files</Filter>
    </ClCompile>
    <ClCompile Include="UEFA\Russia\rus_setup.cpp">
      <Filter>Source Files</Filter>
    </ClCompile>
    <ClCompile Include="UEFA\Russia\rus_premier.cpp">
      <Filter>Source Files</Filter>
    </ClCompile>
    <ClCompile Include="UEFA\Russia\rus_first.cpp">
      <Filter>Source Files</Filter>
    </ClCompile>
    <ClCompile Include="UEFA\Russia\rus_second_a.cpp">
      <Filter>Source Files</Filter>
    </ClCompile>
    <ClCompile Include="UEFA\Russia\rus_cup.cpp">
      <Filter>Source Files</Filter>
    </ClCompile>
    <ClCompile Include="UEFA\Russia\rus_super.cpp">
      <Filter>Source Files</Filter>
    </ClCompile>
    <ClCompile Include="UEFA\Russia\rus_awards.cpp">
      <Filter>Source Files</Filter>
    </ClCompile>
    <ClCompile Include="UEFA\Czech Republic\cze_setup.cpp">
      <Filter>Source Files</Filter>
    </ClCompile>
    <ClCompile Include="UEFA\Czech Republic\cze_first.cpp">
      <Filter>Source Files</Filter>
    </ClCompile>
    <ClCompile Include="Generic\discipline_setup.cpp">
      <Filter>Source Files</Filter>
    </ClCompile>
    <ClCompile Include="Generic\rules_setup.cpp">
      <Filter>Source Files</Filter>
    </ClCompile>
    <ClCompile Include="UEFA\Czech Republic\cze_second.cpp">
      <Filter>Source Files</Filter>
    </ClCompile>
    <ClCompile Include="UEFA\Czech Republic\cze_cup.cpp">
      <Filter>Source Files</Filter>
    </ClCompile>
    <ClCompile Include="UEFA\Austria\aut_setup.cpp">
      <Filter>Source Files</Filter>
    </ClCompile>
    <ClCompile Include="UEFA\Austria\aut_first.cpp">
      <Filter>Source Files</Filter>
    </ClCompile>
    <ClCompile Include="UEFA\Austria\aut_second.cpp">
      <Filter>Source Files</Filter>
    </ClCompile>
    <ClCompile Include="UEFA\Austria\aut_cup.cpp">
      <Filter>Source Files</Filter>
    </ClCompile>
    <ClCompile Include="UEFA\Switzerland\sui_setup.cpp">
      <Filter>Source Files</Filter>
    </ClCompile>
    <ClCompile Include="UEFA\Switzerland\sui_premier.cpp">
      <Filter>Source Files</Filter>
    </ClCompile>
    <ClCompile Include="UEFA\Switzerland\sui_first.cpp">
      <Filter>Source Files</Filter>
    </ClCompile>
    <ClCompile Include="UEFA\Switzerland\sui_second.cpp">
      <Filter>Source Files</Filter>
    </ClCompile>
    <ClCompile Include="UEFA\Switzerland\sui_cup.cpp">
      <Filter>Source Files</Filter>
    </ClCompile>
    <ClCompile Include="AFC\Saudi Arabia\ksa_setup.cpp">
      <Filter>Source Files</Filter>
    </ClCompile>
    <ClCompile Include="AFC\Saudi Arabia\ksa_premier.cpp">
      <Filter>Source Files</Filter>
    </ClCompile>
    <ClCompile Include="AFC\Saudi Arabia\ksa_first.cpp">
      <Filter>Source Files</Filter>
    </ClCompile>
    <ClCompile Include="AFC\Saudi Arabia\ksa_cup.cpp">
      <Filter>Source Files</Filter>
    </ClCompile>
    <ClCompile Include="AFC\Saudi Arabia\ksa_super.cpp">
      <Filter>Source Files</Filter>
    </ClCompile>
    <ClCompile Include="CONMEBOL\Chile\chi_setup.cpp">
      <Filter>Source Files</Filter>
    </ClCompile>
    <ClCompile Include="CONMEBOL\Chile\chi_premier.cpp">
      <Filter>Source Files</Filter>
    </ClCompile>
    <ClCompile Include="CONMEBOL\Chile\chi_first.cpp">
      <Filter>Source Files</Filter>
    </ClCompile>
    <ClCompile Include="CONMEBOL\Chile\chi_cup.cpp">
      <Filter>Source Files</Filter>
    </ClCompile>
    <ClCompile Include="CONMEBOL\Chile\chi_league_cup.cpp">
      <Filter>Source Files</Filter>
    </ClCompile>
    <ClCompile Include="CONMEBOL\Chile\chi_super.cpp">
      <Filter>Source Files</Filter>
    </ClCompile>
    <ClCompile Include="CAF\Egypt\egy_setup.cpp">
      <Filter>Source Files</Filter>
    </ClCompile>
    <ClCompile Include="CAF\Egypt\egy_first.cpp">
      <Filter>Source Files</Filter>
    </ClCompile>
    <ClCompile Include="CAF\Egypt\egy_second.cpp">
      <Filter>Source Files</Filter>
    </ClCompile>
    <ClCompile Include="CAF\Egypt\egy_cup.cpp">
      <Filter>Source Files</Filter>
    </ClCompile>
    <ClCompile Include="CAF\Egypt\egy_super.cpp">
      <Filter>Source Files</Filter>
    </ClCompile>
    <ClCompile Include="CAF\Egypt\egy_league_cup.cpp">
      <Filter>Source Files</Filter>
    </ClCompile>
    <ClCompile Include="CONMEBOL\Argentina\arg_super.cpp">
      <Filter>Source Files</Filter>
    </ClCompile>
    <ClCompile Include="CONMEBOL\Argentina\arg_champ_cup.cpp">
      <Filter>Source Files</Filter>
    </ClCompile>
    <ClCompile Include="UEFA\Switzerland\lie_cup.cpp">
      <Filter>Source Files</Filter>
    </ClCompile>
    <ClCompile Include="FIFA\world_cup_comps_setup.cpp">
      <Filter>Source Files</Filter>
    </ClCompile>
    <ClCompile Include="FIFA\fifa_world_cup.cpp">
      <Filter>Source Files</Filter>
    </ClCompile>
    <ClCompile Include="FIFA\world_cup_quals_ofc.cpp">
      <Filter>Source Files</Filter>
    </ClCompile>
    <ClCompile Include="FIFA\world_cup_quals_afc.cpp">
      <Filter>Source Files</Filter>
    </ClCompile>
    <ClCompile Include="FIFA\world_cup_quals_conmebol.cpp">
      <Filter>Source Files</Filter>
    </ClCompile>
    <ClCompile Include="FIFA\world_cup_quals_caf.cpp">
      <Filter>Source Files</Filter>
    </ClCompile>
    <ClCompile Include="FIFA\world_cup_quals_concacaf.cpp">
      <Filter>Source Files</Filter>
    </ClCompile>
    <ClCompile Include="FIFA\world_cup_playoffs.cpp">
      <Filter>Source Files</Filter>
    </ClCompile>
    <ClCompile Include="FIFA\world_cup_quals_uefa.cpp">
      <Filter>Source Files</Filter>
    </ClCompile>
    <ClCompile Include="FIFA\fifa_national_setup.cpp">
      <Filter>Source Files</Filter>
    </ClCompile>
    <ClCompile Include="UEFA\Scotland\sco_pyramid_playoff.cpp">
      <Filter>Source Files</Filter>
    </ClCompile>
    <ClCompile Include="UEFA\Finland\fin_league_cup.cpp">
      <Filter>Source Files</Filter>
    </ClCompile>
    <ClCompile Include="UEFA\Ireland\irl_second.cpp">
      <Filter>Source Files</Filter>
    </ClCompile>
    <ClCompile Include="OFC\ofc_nations_cup.cpp">
      <Filter>Source Files</Filter>
    </ClCompile>
    <ClCompile Include="CAF\african_nations_quals.cpp">
      <Filter>Source Files</Filter>
    </ClCompile>
    <ClCompile Include="CAF\african_nations.cpp">
      <Filter>Source Files</Filter>
    </ClCompile>
    <ClCompile Include="AFC\asian_cup_quals.cpp">
      <Filter>Source Files</Filter>
    </ClCompile>
    <ClCompile Include="AFC\asian_cup.cpp">
      <Filter>Source Files</Filter>
    </ClCompile>
    <ClCompile Include="UEFA\euro_champ_quals.cpp">
      <Filter>Source Files</Filter>
    </ClCompile>
    <ClCompile Include="UEFA\euro_champ.cpp">
      <Filter>Source Files</Filter>
    </ClCompile>
    <ClCompile Include="UEFA\uefa_nations_league.cpp">
      <Filter>Source Files</Filter>
    </ClCompile>
    <ClCompile Include="CONCACAF\concacaf_nations_league.cpp">
      <Filter>Source Files</Filter>
    </ClCompile>
    <ClCompile Include="CONMEBOL\copa_america.cpp">
      <Filter>Source Files</Filter>
    </ClCompile>
    <ClCompile Include="CONMEBOL\copa_america_quals.cpp">
      <Filter>Source Files</Filter>
    </ClCompile>
    <ClCompile Include="CONCACAF\gold_cup_quals.cpp">
      <Filter>Source Files</Filter>
    </ClCompile>
    <ClCompile Include="CONCACAF\gold_cup.cpp">
      <Filter>Source Files</Filter>
    </ClCompile>
    <ClCompile Include="FIFA\olympics.cpp">
      <Filter>Source Files</Filter>
    </ClCompile>
    <ClCompile Include="UEFA\Serbia\srb_setup.cpp">
      <Filter>Source Files</Filter>
    </ClCompile>
    <ClCompile Include="UEFA\England\eng_charity.cpp">
      <Filter>Source Files</Filter>
    </ClCompile>
    <ClCompile Include="UEFA\Serbia\srb_first.cpp">
      <Filter>Source Files</Filter>
    </ClCompile>
    <ClCompile Include="UEFA\Serbia\srb_second.cpp">
      <Filter>Source Files</Filter>
    </ClCompile>
    <ClCompile Include="UEFA\Serbia\srb_cup.cpp">
      <Filter>Source Files</Filter>
    </ClCompile>
    <ClCompile Include="UEFA\Serbia\srb_vojvodina.cpp">
      <Filter>Source Files</Filter>
    </ClCompile>
    <ClCompile Include="UEFA\Serbia\srb_belgrade.cpp">
      <Filter>Source Files</Filter>
    </ClCompile>
    <ClCompile Include="UEFA\Serbia\srb_east.cpp">
      <Filter>Source Files</Filter>
    </ClCompile>
    <ClCompile Include="UEFA\Serbia\srb_west.cpp">
      <Filter>Source Files</Filter>
    </ClCompile>
    <ClCompile Include="AFC\Iran\irn_setup.cpp">
      <Filter>Source Files</Filter>
    </ClCompile>
    <ClCompile Include="AFC\Iran\irn_first.cpp">
      <Filter>Source Files</Filter>
    </ClCompile>
    <ClCompile Include="AFC\Iran\irn_second.cpp">
      <Filter>Source Files</Filter>
    </ClCompile>
    <ClCompile Include="AFC\Iran\irn_cup.cpp">
      <Filter>Source Files</Filter>
    </ClCompile>
    <ClCompile Include="AFC\Iran\irn_super.cpp">
      <Filter>Source Files</Filter>
    </ClCompile>
    <ClCompile Include="CAF\Morocco\mar_setup.cpp">
      <Filter>Source Files</Filter>
    </ClCompile>
    <ClCompile Include="CAF\Morocco\mar_first.cpp">
      <Filter>Source Files</Filter>
    </ClCompile>
    <ClCompile Include="CAF\Morocco\mar_second.cpp">
      <Filter>Source Files</Filter>
    </ClCompile>
    <ClCompile Include="CAF\Morocco\mar_cup.cpp">
      <Filter>Source Files</Filter>
    </ClCompile>
    <ClCompile Include="CAF\Morocco\mar_league_cup.cpp">
      <Filter>Source Files</Filter>
    </ClCompile>
  </ItemGroup>
  <ItemGroup>
    <ClInclude Include="Config.h">
      <Filter>Header Files</Filter>
    </ClInclude>
    <ClInclude Include="NString.h">
      <Filter>Header Files</Filter>
    </ClInclude>
    <ClInclude Include="tiny-json.h">
      <Filter>Header Files</Filter>
    </ClInclude>
    <ClInclude Include="Generic\inject_9cf_rename.h">
      <Filter>Header Files</Filter>
    </ClInclude>
    <ClInclude Include="UEFA\England\eng_conf.h">
      <Filter>Header Files</Filter>
    </ClInclude>
    <ClInclude Include="UEFA\England\eng_fa_cup.h">
      <Filter>Header Files</Filter>
    </ClInclude>
    <ClInclude Include="UEFA\England\eng_setup.h">
      <Filter>Header Files</Filter>
    </ClInclude>
    <ClInclude Include="UEFA\England\eng_league_2.h">
      <Filter>Header Files</Filter>
    </ClInclude>
    <ClInclude Include="Helpers\constants.h">
      <Filter>Header Files</Filter>
    </ClInclude>
    <ClInclude Include="Helpers\generic_functions.h">
      <Filter>Header Files</Filter>
    </ClInclude>
    <ClInclude Include="Helpers\Helper.h">
      <Filter>Header Files</Filter>
    </ClInclude>
    <ClInclude Include="Structures\CMHeader.h">
      <Filter>Header Files</Filter>
    </ClInclude>
    <ClInclude Include="Structures\Date.h">
      <Filter>Header Files</Filter>
    </ClInclude>
    <ClInclude Include="Structures\vtable.h">
      <Filter>Header Files</Filter>
    </ClInclude>
    <ClInclude Include="UEFA\England\eng_premier.h">
      <Filter>Header Files</Filter>
    </ClInclude>
    <ClInclude Include="UEFA\England\eng_conf_n.h">
      <Filter>Header Files</Filter>
    </ClInclude>
    <ClInclude Include="UEFA\England\eng_conf_s.h">
      <Filter>Header Files</Filter>
    </ClInclude>
    <ClInclude Include="UEFA\England\eng_fa_trophy.h">
      <Filter>Header Files</Filter>
    </ClInclude>
    <ClInclude Include="UEFA\England\eng_champ.h">
      <Filter>Header Files</Filter>
    </ClInclude>
    <ClInclude Include="UEFA\Italy\ita_setup.h">
      <Filter>Header Files</Filter>
    </ClInclude>
    <ClInclude Include="UEFA\England\eng_awards.h">
      <Filter>Header Files</Filter>
    </ClInclude>
    <ClInclude Include="UEFA\Italy\ita_awards.h">
      <Filter>Header Files</Filter>
    </ClInclude>
    <ClInclude Include="UEFA\Italy\ita_ser_c.h">
      <Filter>Header Files</Filter>
    </ClInclude>
    <ClInclude Include="UEFA\Italy\ita_cup.h">
      <Filter>Header Files</Filter>
    </ClInclude>
    <ClInclude Include="UEFA\Italy\ita_c_cup.h">
      <Filter>Header Files</Filter>
    </ClInclude>
    <ClInclude Include="UEFA\Italy\ita_ser_a.h">
      <Filter>Header Files</Filter>
    </ClInclude>
    <ClInclude Include="UEFA\Italy\ita_ser_b.h">
      <Filter>Header Files</Filter>
    </ClInclude>
    <ClInclude Include="UEFA\Italy\ita_c_supercup.h">
      <Filter>Header Files</Filter>
    </ClInclude>
    <ClInclude Include="UEFA\Croatia\cro_setup.h">
      <Filter>Header Files</Filter>
    </ClInclude>
    <ClInclude Include="UEFA\Croatia\cro_first.h">
      <Filter>Header Files</Filter>
    </ClInclude>
    <ClInclude Include="UEFA\Croatia\cro_second.h">
      <Filter>Header Files</Filter>
    </ClInclude>
    <ClInclude Include="UEFA\Croatia\cro_third.h">
      <Filter>Header Files</Filter>
    </ClInclude>
    <ClInclude Include="UEFA\Croatia\cro_awards.h">
      <Filter>Header Files</Filter>
    </ClInclude>
    <ClInclude Include="UEFA\Croatia\cro_cup.h">
      <Filter>Header Files</Filter>
    </ClInclude>
    <ClInclude Include="UEFA\Croatia\cro_super.h">
      <Filter>Header Files</Filter>
    </ClInclude>
    <ClInclude Include="UEFA\Germany\ger_setup.h">
      <Filter>Header Files</Filter>
    </ClInclude>
    <ClInclude Include="UEFA\Germany\ger_first.h">
      <Filter>Header Files</Filter>
    </ClInclude>
    <ClInclude Include="UEFA\Germany\ger_second.h">
      <Filter>Header Files</Filter>
    </ClInclude>
    <ClInclude Include="UEFA\Germany\ger_third.h">
      <Filter>Header Files</Filter>
    </ClInclude>
    <ClInclude Include="Helpers\9cf_constants.h">
      <Filter>Header Files</Filter>
    </ClInclude>
    <ClInclude Include="UEFA\Germany\ger_regional.h">
      <Filter>Header Files</Filter>
    </ClInclude>
    <ClInclude Include="UEFA\Germany\ger_cup.h">
      <Filter>Header Files</Filter>
    </ClInclude>
    <ClInclude Include="UEFA\Germany\ger_super.h">
      <Filter>Header Files</Filter>
    </ClInclude>
    <ClInclude Include="UEFA\Germany\ger_awards.h">
      <Filter>Header Files</Filter>
    </ClInclude>
    <ClInclude Include="UEFA\Portugal\por_setup.h">
      <Filter>Header Files</Filter>
    </ClInclude>
    <ClInclude Include="UEFA\Portugal\por_first.h">
      <Filter>Header Files</Filter>
    </ClInclude>
    <ClInclude Include="UEFA\Portugal\por_second.h">
      <Filter>Header Files</Filter>
    </ClInclude>
    <ClInclude Include="UEFA\Portugal\por_third.h">
      <Filter>Header Files</Filter>
    </ClInclude>
    <ClInclude Include="UEFA\Portugal\por_fourth.h">
      <Filter>Header Files</Filter>
    </ClInclude>
    <ClInclude Include="UEFA\Portugal\por_cup.h">
      <Filter>Header Files</Filter>
    </ClInclude>
    <ClInclude Include="UEFA\Portugal\por_league_cup.h">
      <Filter>Header Files</Filter>
    </ClInclude>
    <ClInclude Include="UEFA\Portugal\por_awards.h">
      <Filter>Header Files</Filter>
    </ClInclude>
    <ClInclude Include="UEFA\Portugal\por_super.h">
      <Filter>Header Files</Filter>
    </ClInclude>
    <ClInclude Include="UEFA\Italy\ita_super.h">
      <Filter>Header Files</Filter>
    </ClInclude>
    <ClInclude Include="Generic\setup_misc_functions.h">
      <Filter>Header Files</Filter>
    </ClInclude>
    <ClInclude Include="CONMEBOL\Brazil\bra_setup.h">
      <Filter>Header Files</Filter>
    </ClInclude>
    <ClInclude Include="CONMEBOL\Brazil\bra_first.h">
      <Filter>Header Files</Filter>
    </ClInclude>
    <ClInclude Include="CONMEBOL\Brazil\bra_second.h">
      <Filter>Header Files</Filter>
    </ClInclude>
    <ClInclude Include="CONMEBOL\Brazil\bra_third.h">
      <Filter>Header Files</Filter>
    </ClInclude>
    <ClInclude Include="CONMEBOL\Brazil\bra_fourth.h">
      <Filter>Header Files</Filter>
    </ClInclude>
    <ClInclude Include="CONMEBOL\Brazil\bra_reg_bahia.h">
      <Filter>Header Files</Filter>
    </ClInclude>
    <ClInclude Include="CONMEBOL\Brazil\bra_reg_goias.h">
      <Filter>Header Files</Filter>
    </ClInclude>
    <ClInclude Include="CONMEBOL\Brazil\bra_reg_parana.h">
      <Filter>Header Files</Filter>
    </ClInclude>
    <ClInclude Include="CONMEBOL\Brazil\bra_reg_pernambuco.h">
      <Filter>Header Files</Filter>
    </ClInclude>
    <ClInclude Include="CONMEBOL\Brazil\bra_reg_catarina.h">
      <Filter>Header Files</Filter>
    </ClInclude>
    <ClInclude Include="CONMEBOL\Brazil\bra_reg_rio.h">
      <Filter>Header Files</Filter>
    </ClInclude>
    <ClInclude Include="CONMEBOL\Brazil\bra_reg_paulo.h">
      <Filter>Header Files</Filter>
    </ClInclude>
    <ClInclude Include="CONMEBOL\Brazil\bra_reg_central.h">
      <Filter>Header Files</Filter>
    </ClInclude>
    <ClInclude Include="CONMEBOL\Brazil\bra_reg_north.h">
      <Filter>Header Files</Filter>
    </ClInclude>
    <ClInclude Include="CONMEBOL\Brazil\bra_reg_northeast.h">
      <Filter>Header Files</Filter>
    </ClInclude>
    <ClInclude Include="CONMEBOL\Brazil\bra_reg_gaucho.h">
      <Filter>Header Files</Filter>
    </ClInclude>
    <ClInclude Include="CONMEBOL\Brazil\bra_reg_minas.h">
      <Filter>Header Files</Filter>
    </ClInclude>
    <ClInclude Include="CONMEBOL\Brazil\bra_cup.h">
      <Filter>Header Files</Filter>
    </ClInclude>
    <ClInclude Include="CONMEBOL\Brazil\bra_super.h">
      <Filter>Header Files</Filter>
    </ClInclude>
    <ClInclude Include="CONMEBOL\Brazil\bra_awards.h">
      <Filter>Header Files</Filter>
    </ClInclude>
    <ClInclude Include="CONMEBOL\Brazil\bra_state_league_list.cpp">
      <Filter>Header Files</Filter>
    </ClInclude>
    <ClInclude Include="CONMEBOL\Brazil\bra_state_league_list.h">
      <Filter>Header Files</Filter>
    </ClInclude>
    <ClInclude Include="CONCACAF\USA\usa_setup.h">
      <Filter>Header Files</Filter>
    </ClInclude>
    <ClInclude Include="CONCACAF\USA\usa_mls.h">
      <Filter>Header Files</Filter>
    </ClInclude>
    <ClInclude Include="CONCACAF\USA\usa_champ.h">
      <Filter>Header Files</Filter>
    </ClInclude>
    <ClInclude Include="CONCACAF\USA\usa_cup.h">
      <Filter>Header Files</Filter>
    </ClInclude>
    <ClInclude Include="CONCACAF\USA\usa_awards.h">
      <Filter>Header Files</Filter>
    </ClInclude>
    <ClInclude Include="UEFA\Poland\pol_setup.h">
      <Filter>Header Files</Filter>
    </ClInclude>
    <ClInclude Include="UEFA\Poland\pol_first.h">
      <Filter>Header Files</Filter>
    </ClInclude>
    <ClInclude Include="UEFA\Poland\pol_second.h">
      <Filter>Header Files</Filter>
    </ClInclude>
    <ClInclude Include="UEFA\Poland\pol_cup.h">
      <Filter>Header Files</Filter>
    </ClInclude>
    <ClInclude Include="UEFA\Poland\pol_super.h">
      <Filter>Header Files</Filter>
    </ClInclude>
    <ClInclude Include="UEFA\France\fra_setup.h">
      <Filter>Header Files</Filter>
    </ClInclude>
    <ClInclude Include="UEFA\France\fra_first.h">
      <Filter>Header Files</Filter>
    </ClInclude>
    <ClInclude Include="UEFA\France\fra_second.h">
      <Filter>Header Files</Filter>
    </ClInclude>
    <ClInclude Include="UEFA\France\fra_third.h">
      <Filter>Header Files</Filter>
    </ClInclude>
    <ClInclude Include="UEFA\France\fra_cup.h">
      <Filter>Header Files</Filter>
    </ClInclude>
    <ClInclude Include="UEFA\France\fra_super.h">
      <Filter>Header Files</Filter>
    </ClInclude>
    <ClInclude Include="UEFA\Denmark\den_setup.h">
      <Filter>Header Files</Filter>
    </ClInclude>
    <ClInclude Include="UEFA\Denmark\den_premier.h">
      <Filter>Header Files</Filter>
    </ClInclude>
    <ClInclude Include="UEFA\Denmark\den_first.h">
      <Filter>Header Files</Filter>
    </ClInclude>
    <ClInclude Include="UEFA\Denmark\den_second.h">
      <Filter>Header Files</Filter>
    </ClInclude>
    <ClInclude Include="UEFA\Denmark\den_third.h">
      <Filter>Header Files</Filter>
    </ClInclude>
    <ClInclude Include="UEFA\Denmark\den_cup.h">
      <Filter>Header Files</Filter>
    </ClInclude>
    <ClInclude Include="UEFA\Denmark\den_awards.h">
      <Filter>Header Files</Filter>
    </ClInclude>
    <ClInclude Include="AFC\Japan\jpn_setup.h">
      <Filter>Header Files</Filter>
    </ClInclude>
    <ClInclude Include="AFC\Japan\jpn_first.h">
      <Filter>Header Files</Filter>
    </ClInclude>
    <ClInclude Include="AFC\Japan\jpn_second.h">
      <Filter>Header Files</Filter>
    </ClInclude>
    <ClInclude Include="AFC\Japan\jpn_third.h">
      <Filter>Header Files</Filter>
    </ClInclude>
    <ClInclude Include="AFC\Japan\jpn_jfl.h">
      <Filter>Header Files</Filter>
    </ClInclude>
    <ClInclude Include="AFC\Japan\jpn_cup.h">
      <Filter>Header Files</Filter>
    </ClInclude>
    <ClInclude Include="AFC\Japan\jpn_league_cup.h">
      <Filter>Header Files</Filter>
    </ClInclude>
    <ClInclude Include="AFC\Japan\jpn_super.h">
      <Filter>Header Files</Filter>
    </ClInclude>
    <ClInclude Include="UEFA\Sweden\swe_setup.h">
      <Filter>Header Files</Filter>
    </ClInclude>
    <ClInclude Include="UEFA\Sweden\swe_premier.h">
      <Filter>Header Files</Filter>
    </ClInclude>
    <ClInclude Include="UEFA\Sweden\swe_first.h">
      <Filter>Header Files</Filter>
    </ClInclude>
    <ClInclude Include="UEFA\Sweden\swe_second.h">
      <Filter>Header Files</Filter>
    </ClInclude>
    <ClInclude Include="UEFA\Sweden\swe_third.h">
      <Filter>Header Files</Filter>
    </ClInclude>
    <ClInclude Include="UEFA\Sweden\swe_cup.h">
      <Filter>Header Files</Filter>
    </ClInclude>
    <ClInclude Include="UEFA\Holland\hol_setup.h">
      <Filter>Header Files</Filter>
    </ClInclude>
    <ClInclude Include="UEFA\Holland\hol_first.h">
      <Filter>Header Files</Filter>
    </ClInclude>
    <ClInclude Include="UEFA\Holland\hol_second.h">
      <Filter>Header Files</Filter>
    </ClInclude>
    <ClInclude Include="UEFA\Holland\hol_cup.h">
      <Filter>Header Files</Filter>
    </ClInclude>
    <ClInclude Include="UEFA\Holland\hol_super.h">
      <Filter>Header Files</Filter>
    </ClInclude>
    <ClInclude Include="UEFA\Norway\nor_setup.h">
      <Filter>Header Files</Filter>
    </ClInclude>
    <ClInclude Include="UEFA\Norway\nor_premier.h">
      <Filter>Header Files</Filter>
    </ClInclude>
    <ClInclude Include="UEFA\Norway\nor_first.h">
      <Filter>Header Files</Filter>
    </ClInclude>
    <ClInclude Include="UEFA\Norway\nor_second.h">
      <Filter>Header Files</Filter>
    </ClInclude>
    <ClInclude Include="UEFA\Norway\nor_third.h">
      <Filter>Header Files</Filter>
    </ClInclude>
    <ClInclude Include="UEFA\Norway\nor_cup.h">
      <Filter>Header Files</Filter>
    </ClInclude>
    <ClInclude Include="AFC\South Korea\kor_setup.h">
      <Filter>Header Files</Filter>
    </ClInclude>
    <ClInclude Include="AFC\South Korea\kor_first.h">
      <Filter>Header Files</Filter>
    </ClInclude>
    <ClInclude Include="AFC\South Korea\kor_second.h">
      <Filter>Header Files</Filter>
    </ClInclude>
    <ClInclude Include="AFC\South Korea\kor_cup.h">
      <Filter>Header Files</Filter>
    </ClInclude>
    <ClInclude Include="AFC\South Korea\kor_super.h">
      <Filter>Header Files</Filter>
    </ClInclude>
    <ClInclude Include="AFC\South Korea\kor_awards.h">
      <Filter>Header Files</Filter>
    </ClInclude>
    <ClInclude Include="UEFA\Finland\fin_setup.h">
      <Filter>Header Files</Filter>
    </ClInclude>
    <ClInclude Include="UEFA\Finland\fin_premier.h">
      <Filter>Header Files</Filter>
    </ClInclude>
    <ClInclude Include="UEFA\Finland\fin_first.h">
      <Filter>Header Files</Filter>
    </ClInclude>
    <ClInclude Include="UEFA\Finland\fin_second.h">
      <Filter>Header Files</Filter>
    </ClInclude>
    <ClInclude Include="UEFA\Finland\fin_third.h">
      <Filter>Header Files</Filter>
    </ClInclude>
    <ClInclude Include="UEFA\Finland\fin_cup.h">
      <Filter>Header Files</Filter>
    </ClInclude>
    <ClInclude Include="UEFA\Finland\fin_awards.h">
      <Filter>Header Files</Filter>
    </ClInclude>
    <ClInclude Include="UEFA\Greece\gre_setup.h">
      <Filter>Header Files</Filter>
    </ClInclude>
    <ClInclude Include="UEFA\Greece\gre_first.h">
      <Filter>Header Files</Filter>
    </ClInclude>
    <ClInclude Include="UEFA\Greece\gre_second.h">
      <Filter>Header Files</Filter>
    </ClInclude>
    <ClInclude Include="UEFA\Greece\gre_cup.h">
      <Filter>Header Files</Filter>
    </ClInclude>
    <ClInclude Include="UEFA\Greece\gre_super.h">
      <Filter>Header Files</Filter>
    </ClInclude>
    <ClInclude Include="UEFA\Poland\pol_third.h">
      <Filter>Header Files</Filter>
    </ClInclude>
    <ClInclude Include="UEFA\Norway\nor_awards.h">
      <Filter>Header Files</Filter>
    </ClInclude>
    <ClInclude Include="UEFA\Poland\pol_awards.h">
      <Filter>Header Files</Filter>
    </ClInclude>
    <ClInclude Include="UEFA\Holland\hol_awards.h">
      <Filter>Header Files</Filter>
    </ClInclude>
    <ClInclude Include="Generic\leagues_setup.h">
      <Filter>Header Files</Filter>
    </ClInclude>
    <ClInclude Include="UEFA\uefa_club_setup.h">
      <Filter>Header Files</Filter>
    </ClInclude>
    <ClInclude Include="UEFA\uefa_champions_league.h">
      <Filter>Header Files</Filter>
    </ClInclude>
    <ClInclude Include="UEFA\uefa_europa_league.h">
      <Filter>Header Files</Filter>
    </ClInclude>
    <ClInclude Include="UEFA\uefa_conference_league.h">
      <Filter>Header Files</Filter>
    </ClInclude>
    <ClInclude Include="CONMEBOL\conmebol_libertadores.h">
      <Filter>Header Files</Filter>
    </ClInclude>
    <ClInclude Include="CONMEBOL\conmebol_club_setup.h">
      <Filter>Header Files</Filter>
    </ClInclude>
    <ClInclude Include="CONMEBOL\conmebol_sudamericana.h">
      <Filter>Header Files</Filter>
    </ClInclude>
    <ClInclude Include="AFC\afc_club_setup.h">
      <Filter>Header Files</Filter>
    </ClInclude>
    <ClInclude Include="AFC\afc_champions_league_elite.h">
      <Filter>Header Files</Filter>
    </ClInclude>
    <ClInclude Include="AFC\afc_champions_league_2.h">
      <Filter>Header Files</Filter>
    </ClInclude>
    <ClInclude Include="AFC\afc_challenge_league.h">
      <Filter>Header Files</Filter>
    </ClInclude>
    <ClInclude Include="CAF\caf_club_setup.h">
      <Filter>Header Files</Filter>
    </ClInclude>
    <ClInclude Include="CAF\caf_champions_league.h">
      <Filter>Header Files</Filter>
    </ClInclude>
    <ClInclude Include="CAF\caf_confederation_cup.h">
      <Filter>Header Files</Filter>
    </ClInclude>
    <ClInclude Include="CAF\caf_super_cup.h">
      <Filter>Header Files</Filter>
    </ClInclude>
    <ClInclude Include="CONMEBOL\conmebol_recopa.h">
      <Filter>Header Files</Filter>
    </ClInclude>
    <ClInclude Include="UEFA\uefa_super_cup.h">
      <Filter>Header Files</Filter>
    </ClInclude>
    <ClInclude Include="CONCACAF\concacaf_club_setup.h">
      <Filter>Header Files</Filter>
    </ClInclude>
    <ClInclude Include="CONCACAF\concacaf_champions_cup.h">
      <Filter>Header Files</Filter>
    </ClInclude>
    <ClInclude Include="OFC\ofc_club_setup.h">
      <Filter>Header Files</Filter>
    </ClInclude>
    <ClInclude Include="OFC\ofc_champions_league.h">
      <Filter>Header Files</Filter>
    </ClInclude>
    <ClInclude Include="FIFA\fifa_club_setup.h">
      <Filter>Header Files</Filter>
    </ClInclude>
    <ClInclude Include="FIFA\fifa_club_world_cup.h">
      <Filter>Header Files</Filter>
    </ClInclude>
    <ClInclude Include="FIFA\fifa_intercontinental_cup.h">
      <Filter>Header Files</Filter>
    </ClInclude>
    <ClInclude Include="UEFA\England\eng_league_1.h">
      <Filter>Header Files</Filter>
    </ClInclude>
    <ClInclude Include="UEFA\England\eng_league_cup.h">
      <Filter>Header Files</Filter>
    </ClInclude>
    <ClInclude Include="UEFA\England\eng_league_trophy.h">
      <Filter>Header Files</Filter>
    </ClInclude>
    <ClInclude Include="AFC\Australia\aus_setup.h">
      <Filter>Header Files</Filter>
    </ClInclude>
    <ClInclude Include="AFC\Australia\aus_league.h">
      <Filter>Header Files</Filter>
    </ClInclude>
    <ClInclude Include="AFC\Australia\aus_cup.h">
      <Filter>Header Files</Filter>
    </ClInclude>
    <ClInclude Include="Generic\currency.h">
      <Filter>Header Files</Filter>
    </ClInclude>
    <ClInclude Include="UEFA\Wales\wal_setup.h">
      <Filter>Header Files</Filter>
    </ClInclude>
    <ClInclude Include="UEFA\Wales\wal_premier.h">
      <Filter>Header Files</Filter>
    </ClInclude>
    <ClInclude Include="UEFA\Wales\wal_first_n.h">
      <Filter>Header Files</Filter>
    </ClInclude>
    <ClInclude Include="UEFA\Wales\wal_first_s.h">
      <Filter>Header Files</Filter>
    </ClInclude>
    <ClInclude Include="UEFA\Wales\wal_cup.h">
      <Filter>Header Files</Filter>
    </ClInclude>
    <ClInclude Include="UEFA\Wales\wal_league_cup.h">
      <Filter>Header Files</Filter>
    </ClInclude>
    <ClInclude Include="UEFA\Northern Ireland\nir_setup.h">
      <Filter>Header Files</Filter>
    </ClInclude>
    <ClInclude Include="UEFA\Northern Ireland\nir_premier.h">
      <Filter>Header Files</Filter>
    </ClInclude>
    <ClInclude Include="UEFA\Northern Ireland\nir_first.h">
      <Filter>Header Files</Filter>
    </ClInclude>
    <ClInclude Include="UEFA\Northern Ireland\nir_second.h">
      <Filter>Header Files</Filter>
    </ClInclude>
    <ClInclude Include="UEFA\Northern Ireland\nir_cup.h">
      <Filter>Header Files</Filter>
    </ClInclude>
    <ClInclude Include="UEFA\Northern Ireland\nir_league_cup.h">
      <Filter>Header Files</Filter>
    </ClInclude>
    <ClInclude Include="UEFA\Northern Ireland\nir_charity.h">
      <Filter>Header Files</Filter>
    </ClInclude>
    <ClInclude Include="UEFA\Ireland\irl_setup.h">
      <Filter>Header Files</Filter>
    </ClInclude>
    <ClInclude Include="UEFA\Ireland\irl_premier.h">
      <Filter>Header Files</Filter>
    </ClInclude>
    <ClInclude Include="UEFA\Ireland\irl_first.h">
      <Filter>Header Files</Filter>
    </ClInclude>
    <ClInclude Include="UEFA\Ireland\irl_cup.h">
      <Filter>Header Files</Filter>
    </ClInclude>
    <ClInclude Include="UEFA\Ireland\irl_presidents.h">
      <Filter>Header Files</Filter>
    </ClInclude>
    <ClInclude Include="UEFA\Ireland\irl_awards.h">
      <Filter>Header Files</Filter>
    </ClInclude>
    <ClInclude Include="UEFA\Scotland\sco_setup.h">
      <Filter>Header Files</Filter>
    </ClInclude>
    <ClInclude Include="UEFA\Scotland\sco_premier.h">
      <Filter>Header Files</Filter>
    </ClInclude>
    <ClInclude Include="UEFA\Scotland\sco_champ.h">
      <Filter>Header Files</Filter>
    </ClInclude>
    <ClInclude Include="UEFA\Scotland\sco_league_1.h">
      <Filter>Header Files</Filter>
    </ClInclude>
    <ClInclude Include="UEFA\Scotland\sco_league_2.h">
      <Filter>Header Files</Filter>
    </ClInclude>
    <ClInclude Include="UEFA\Scotland\sco_cup.h">
      <Filter>Header Files</Filter>
    </ClInclude>
    <ClInclude Include="UEFA\Scotland\sco_highland.h">
      <Filter>Header Files</Filter>
    </ClInclude>
    <ClInclude Include="UEFA\Scotland\sco_lowland.h">
      <Filter>Header Files</Filter>
    </ClInclude>
    <ClInclude Include="UEFA\Scotland\sco_league_cup.h">
      <Filter>Header Files</Filter>
    </ClInclude>
    <ClInclude Include="UEFA\Scotland\sco_challenge_cup.h">
      <Filter>Header Files</Filter>
    </ClInclude>
    <ClInclude Include="UEFA\Spain\spa_setup.h">
      <Filter>Header Files</Filter>
    </ClInclude>
    <ClInclude Include="UEFA\Spain\spa_first.h">
      <Filter>Header Files</Filter>
    </ClInclude>
    <ClInclude Include="UEFA\Spain\spa_second.h">
      <Filter>Header Files</Filter>
    </ClInclude>
    <ClInclude Include="UEFA\Spain\spa_third.h">
      <Filter>Header Files</Filter>
    </ClInclude>
    <ClInclude Include="UEFA\Spain\spa_fourth.h">
      <Filter>Header Files</Filter>
    </ClInclude>
    <ClInclude Include="UEFA\Spain\spa_cup.h">
      <Filter>Header Files</Filter>
    </ClInclude>
    <ClInclude Include="UEFA\Spain\spa_super.h">
      <Filter>Header Files</Filter>
    </ClInclude>
    <ClInclude Include="UEFA\Turkey\tur_setup.h">
      <Filter>Header Files</Filter>
    </ClInclude>
    <ClInclude Include="UEFA\Turkey\tur_first.h">
      <Filter>Header Files</Filter>
    </ClInclude>
    <ClInclude Include="UEFA\Turkey\tur_second.h">
      <Filter>Header Files</Filter>
    </ClInclude>
    <ClInclude Include="UEFA\Turkey\tur_third.h">
      <Filter>Header Files</Filter>
    </ClInclude>
    <ClInclude Include="UEFA\Turkey\tur_fourth.h">
      <Filter>Header Files</Filter>
    </ClInclude>
    <ClInclude Include="UEFA\Turkey\tur_cup.h">
      <Filter>Header Files</Filter>
    </ClInclude>
    <ClInclude Include="UEFA\Turkey\tur_super.h">
      <Filter>Header Files</Filter>
    </ClInclude>
    <ClInclude Include="CONMEBOL\Argentina\arg_setup.h">
      <Filter>Header Files</Filter>
    </ClInclude>
    <ClInclude Include="CONMEBOL\Argentina\arg_first.h">
      <Filter>Header Files</Filter>
    </ClInclude>
    <ClInclude Include="CONMEBOL\Argentina\arg_second.h">
      <Filter>Header Files</Filter>
    </ClInclude>
    <ClInclude Include="CONMEBOL\Argentina\arg_cup.h">
      <Filter>Header Files</Filter>
    </ClInclude>
    <ClInclude Include="UEFA\Belgium\bel_setup.h">
      <Filter>Header Files</Filter>
    </ClInclude>
    <ClInclude Include="UEFA\Belgium\bel_first.h">
      <Filter>Header Files</Filter>
    </ClInclude>
    <ClInclude Include="UEFA\Belgium\bel_second.h">
      <Filter>Header Files</Filter>
    </ClInclude>
    <ClInclude Include="UEFA\Belgium\bel_third_vv.h">
      <Filter>Header Files</Filter>
    </ClInclude>
    <ClInclude Include="UEFA\Belgium\bel_third_ac.h">
      <Filter>Header Files</Filter>
    </ClInclude>
    <ClInclude Include="UEFA\Belgium\bel_fourth_vv.h">
      <Filter>Header Files</Filter>
    </ClInclude>
    <ClInclude Include="UEFA\Belgium\bel_fourth_ac.h">
      <Filter>Header Files</Filter>
    </ClInclude>
    <ClInclude Include="UEFA\Belgium\bel_cup.h">
      <Filter>Header Files</Filter>
    </ClInclude>
    <ClInclude Include="UEFA\Belgium\bel_super.h">
      <Filter>Header Files</Filter>
    </ClInclude>
    <ClInclude Include="UEFA\Belgium\bel_awards.h">
      <Filter>Header Files</Filter>
    </ClInclude>
    <ClInclude Include="CONMEBOL\Argentina\arg_third_metro.h">
      <Filter>Header Files</Filter>
    </ClInclude>
    <ClInclude Include="CONMEBOL\Argentina\arg_third_interior.h">
      <Filter>Header Files</Filter>
    </ClInclude>
    <ClInclude Include="UEFA\Russia\rus_setup.h">
      <Filter>Header Files</Filter>
    </ClInclude>
    <ClInclude Include="UEFA\Russia\rus_premier.h">
      <Filter>Header Files</Filter>
    </ClInclude>
    <ClInclude Include="UEFA\Russia\rus_first.h">
      <Filter>Header Files</Filter>
    </ClInclude>
    <ClInclude Include="UEFA\Russia\rus_second_a.h">
      <Filter>Header Files</Filter>
    </ClInclude>
    <ClInclude Include="UEFA\Russia\rus_cup.h">
      <Filter>Header Files</Filter>
    </ClInclude>
    <ClInclude Include="UEFA\Russia\rus_super.h">
      <Filter>Header Files</Filter>
    </ClInclude>
    <ClInclude Include="UEFA\Russia\rus_awards.h">
      <Filter>Header Files</Filter>
    </ClInclude>
    <ClInclude Include="UEFA\Czech Republic\cze_setup.h">
      <Filter>Header Files</Filter>
    </ClInclude>
    <ClInclude Include="UEFA\Czech Republic\cze_first.h">
      <Filter>Header Files</Filter>
    </ClInclude>
    <ClInclude Include="Generic\discipline_setup.h">
      <Filter>Header Files</Filter>
    </ClInclude>
    <ClInclude Include="Generic\rules_setup.h">
      <Filter>Header Files</Filter>
    </ClInclude>
    <ClInclude Include="UEFA\Czech Republic\cze_second.h">
      <Filter>Header Files</Filter>
    </ClInclude>
    <ClInclude Include="UEFA\Czech Republic\cze_cup.h">
      <Filter>Header Files</Filter>
    </ClInclude>
    <ClInclude Include="UEFA\Austria\aut_setup.h">
      <Filter>Header Files</Filter>
    </ClInclude>
    <ClInclude Include="UEFA\Austria\aut_first.h">
      <Filter>Header Files</Filter>
    </ClInclude>
    <ClInclude Include="UEFA\Austria\aut_second.h">
      <Filter>Header Files</Filter>
    </ClInclude>
    <ClInclude Include="UEFA\Austria\aut_cup.h">
      <Filter>Header Files</Filter>
    </ClInclude>
    <ClInclude Include="UEFA\Switzerland\sui_setup.h">
      <Filter>Header Files</Filter>
    </ClInclude>
    <ClInclude Include="UEFA\Switzerland\sui_premier.h">
      <Filter>Header Files</Filter>
    </ClInclude>
    <ClInclude Include="UEFA\Switzerland\sui_first.h">
      <Filter>Header Files</Filter>
    </ClInclude>
    <ClInclude Include="UEFA\Switzerland\sui_second.h">
      <Filter>Header Files</Filter>
    </ClInclude>
    <ClInclude Include="UEFA\Switzerland\sui_cup.h">
      <Filter>Header Files</Filter>
    </ClInclude>
    <ClInclude Include="AFC\Saudi Arabia\ksa_setup.h">
      <Filter>Header Files</Filter>
    </ClInclude>
    <ClInclude Include="AFC\Saudi Arabia\ksa_premier.h">
      <Filter>Header Files</Filter>
    </ClInclude>
    <ClInclude Include="AFC\Saudi Arabia\ksa_first.h">
      <Filter>Header Files</Filter>
    </ClInclude>
    <ClInclude Include="AFC\Saudi Arabia\ksa_cup.h">
      <Filter>Header Files</Filter>
    </ClInclude>
    <ClInclude Include="AFC\Saudi Arabia\ksa_super.h">
      <Filter>Header Files</Filter>
    </ClInclude>
    <ClInclude Include="CONMEBOL\Chile\chi_setup.h">
      <Filter>Header Files</Filter>
    </ClInclude>
    <ClInclude Include="CONMEBOL\Chile\chi_premier.h">
      <Filter>Header Files</Filter>
    </ClInclude>
    <ClInclude Include="CONMEBOL\Chile\chi_first.h">
      <Filter>Header Files</Filter>
    </ClInclude>
    <ClInclude Include="CONMEBOL\Chile\chi_cup.h">
      <Filter>Header Files</Filter>
    </ClInclude>
    <ClInclude Include="CONMEBOL\Chile\chi_league_cup.h">
      <Filter>Header Files</Filter>
    </ClInclude>
    <ClInclude Include="CONMEBOL\Chile\chi_super.h">
      <Filter>Header Files</Filter>
    </ClInclude>
    <ClInclude Include="CAF\Egypt\egy_setup.h">
      <Filter>Header Files</Filter>
    </ClInclude>
    <ClInclude Include="CAF\Egypt\egy_first.h">
      <Filter>Header Files</Filter>
    </ClInclude>
    <ClInclude Include="CAF\Egypt\egy_second.h">
      <Filter>Header Files</Filter>
    </ClInclude>
    <ClInclude Include="CAF\Egypt\egy_cup.h">
      <Filter>Header Files</Filter>
    </ClInclude>
    <ClInclude Include="CAF\Egypt\egy_super.h">
      <Filter>Header Files</Filter>
    </ClInclude>
    <ClInclude Include="CAF\Egypt\egy_league_cup.h">
      <Filter>Header Files</Filter>
    </ClInclude>
    <ClInclude Include="CONMEBOL\Argentina\arg_super.h">
      <Filter>Header Files</Filter>
    </ClInclude>
    <ClInclude Include="CONMEBOL\Argentina\arg_champ_cup.h">
      <Filter>Header Files</Filter>
    </ClInclude>
    <ClInclude Include="UEFA\Switzerland\lie_cup.h">
      <Filter>Header Files</Filter>
    </ClInclude>
    <ClInclude Include="FIFA\world_cup_comps_setup.h">
      <Filter>Header Files</Filter>
    </ClInclude>
    <ClInclude Include="FIFA\fifa_world_cup.h">
      <Filter>Header Files</Filter>
    </ClInclude>
    <ClInclude Include="FIFA\world_cup_quals_ofc.h">
      <Filter>Header Files</Filter>
    </ClInclude>
    <ClInclude Include="FIFA\world_cup_quals_afc.h">
      <Filter>Header Files</Filter>
    </ClInclude>
    <ClInclude Include="FIFA\world_cup_quals_conmebol.h">
      <Filter>Header Files</Filter>
    </ClInclude>
    <ClInclude Include="FIFA\world_cup_quals_caf.h">
      <Filter>Header Files</Filter>
    </ClInclude>
    <ClInclude Include="FIFA\world_cup_quals_concacaf.h">
      <Filter>Header Files</Filter>
    </ClInclude>
    <ClInclude Include="FIFA\world_cup_playoffs.h">
      <Filter>Header Files</Filter>
    </ClInclude>
    <ClInclude Include="FIFA\world_cup_quals_uefa.h">
      <Filter>Header Files</Filter>
    </ClInclude>
    <ClInclude Include="FIFA\fifa_national_setup.h">
      <Filter>Header Files</Filter>
    </ClInclude>
    <ClInclude Include="UEFA\Scotland\sco_pyramid_playoff.h">
      <Filter>Header Files</Filter>
    </ClInclude>
    <ClInclude Include="UEFA\Finland\fin_league_cup.h">
      <Filter>Header Files</Filter>
    </ClInclude>
    <ClInclude Include="UEFA\Ireland\irl_second.h">
      <Filter>Header Files</Filter>
    </ClInclude>
    <ClInclude Include="OFC\ofc_nations_cup.h">
      <Filter>Header Files</Filter>
    </ClInclude>
    <ClInclude Include="CAF\african_nations_quals.h">
      <Filter>Header Files</Filter>
    </ClInclude>
    <ClInclude Include="CAF\african_nations.h">
      <Filter>Header Files</Filter>
    </ClInclude>
    <ClInclude Include="AFC\asian_cup_quals.h">
      <Filter>Header Files</Filter>
    </ClInclude>
    <ClInclude Include="AFC\asian_cup.h">
      <Filter>Header Files</Filter>
    </ClInclude>
    <ClInclude Include="UEFA\euro_champ_quals.h">
      <Filter>Header Files</Filter>
    </ClInclude>
    <ClInclude Include="UEFA\euro_champ.h">
      <Filter>Header Files</Filter>
    </ClInclude>
    <ClInclude Include="UEFA\uefa_nations_league.h">
      <Filter>Header Files</Filter>
    </ClInclude>
    <ClInclude Include="CONCACAF\concacaf_nations_league.h">
      <Filter>Header Files</Filter>
    </ClInclude>
    <ClInclude Include="CONMEBOL\copa_america.h">
      <Filter>Header Files</Filter>
    </ClInclude>
    <ClInclude Include="CONMEBOL\copa_america_quals.h">
      <Filter>Header Files</Filter>
    </ClInclude>
    <ClInclude Include="CONCACAF\gold_cup_quals.h">
      <Filter>Header Files</Filter>
    </ClInclude>
    <ClInclude Include="CONCACAF\gold_cup.h">
      <Filter>Header Files</Filter>
    </ClInclude>
    <ClInclude Include="FIFA\olympics.h">
      <Filter>Header Files</Filter>
    </ClInclude>
    <ClInclude Include="UEFA\Serbia\srb_setup.h">
      <Filter>Header Files</Filter>
    </ClInclude>
    <ClInclude Include="UEFA\England\eng_charity.h">
      <Filter>Header Files</Filter>
    </ClInclude>
    <ClInclude Include="UEFA\Serbia\srb_first.h">
      <Filter>Header Files</Filter>
    </ClInclude>
    <ClInclude Include="UEFA\Serbia\srb_second.h">
      <Filter>Header Files</Filter>
    </ClInclude>
    <ClInclude Include="UEFA\Serbia\srb_cup.h">
      <Filter>Header Files</Filter>
    </ClInclude>
    <ClInclude Include="UEFA\Serbia\srb_vojvodina.h">
      <Filter>Header Files</Filter>
    </ClInclude>
    <ClInclude Include="UEFA\Serbia\srb_belgrade.h">
      <Filter>Header Files</Filter>
    </ClInclude>
    <ClInclude Include="UEFA\Serbia\srb_east.h">
      <Filter>Header Files</Filter>
    </ClInclude>
    <ClInclude Include="UEFA\Serbia\srb_west.h">
      <Filter>Header Files</Filter>
    </ClInclude>
    <ClInclude Include="AFC\Iran\irn_setup.h">
      <Filter>Header Files</Filter>
    </ClInclude>
    <ClInclude Include="AFC\Iran\irn_first.h">
      <Filter>Header Files</Filter>
    </ClInclude>
    <ClInclude Include="AFC\Iran\irn_second.h">
      <Filter>Header Files</Filter>
    </ClInclude>
    <ClInclude Include="AFC\Iran\irn_cup.h">
      <Filter>Header Files</Filter>
    </ClInclude>
    <ClInclude Include="AFC\Iran\irn_super.h">
      <Filter>Header Files</Filter>
    </ClInclude>
    <ClInclude Include="CAF\Morocco\mar_setup.h">
      <Filter>Header Files</Filter>
    </ClInclude>
    <ClInclude Include="CAF\Morocco\mar_first.h">
      <Filter>Header Files</Filter>
    </ClInclude>
    <ClInclude Include="CAF\Morocco\mar_second.h">
      <Filter>Header Files</Filter>
    </ClInclude>
    <ClInclude Include="CAF\Morocco\mar_cup.h">
      <Filter>Header Files</Filter>
    </ClInclude>
    <ClInclude Include="CAF\Morocco\mar_league_cup.h">
      <Filter>Header Files</Filter>
    </ClInclude>
  </ItemGroup>
  <ItemGroup>
    <None Include="Helpers\Helper.tpp" />
  </ItemGroup>
</Project>